<Solution>
  <Folder Name="/github.workflow/">
    <File Path="cd-android.yml" />
    <File Path="cd-ios-multaapp.nuget.yml" />
    <File Path="cd-ios-multaapp.yml" />
    <File Path="cd-ios-sampleapp.yml" />
    <File Path="cd-nuget.yml" />
    <File Path="ci.yml" />
  </Folder>
  <Folder Name="/samples/">
    <Project Path="samples/MotorDsl.Integrated.MultaApp/MotorDsl.Integrated.MultaApp.csproj">
      <Deploy Solution="Debug|*" />
    </Project>
    <Project Path="samples/MotorDsl.MultaApp/MotorDsl.MultaApp.csproj">
      <Deploy Solution="Debug|*" />
    </Project>
    <Project Path="samples/MotorDsl.Nuget.Integrated.MultaApp/MotorDsl.Nuget.Integrated.MultaApp.csproj">
      <Deploy />
    </Project>
    <Project Path="samples/MotorDsl.Nuget.MultaApp/MotorDsl.Nuget.MultaApp.csproj">
      <Deploy Solution="Debug|*" />
    </Project>
    <Project Path="samples/MotorDsl.SampleApp/MotorDsl.SampleApp.csproj">
      <Deploy Solution="Debug|*" />
    </Project>
  </Folder>
  <Folder Name="/src/">
    <Project Path="src/MotorDsl.Bluetooth/MotorDsl.Bluetooth.csproj" />
    <Project Path="src/MotorDsl.Core/MotorDsl.Core.csproj" />
    <Project Path="src/MotorDsl.Extensions/MotorDsl.Extensions.csproj" />
    <Project Path="src/MotorDsl.Maui/MotorDsl.Maui.csproj" />
    <Project Path="src/MotorDsl.Network/MotorDsl.Network.csproj" />
    <Project Path="src/MotorDsl.Parser/MotorDsl.Parser.csproj" />
    <Project Path="src/MotorDsl.Printing.Abstractions/MotorDsl.Printing.Abstractions.csproj" />
    <Project Path="src/MotorDsl.Rendering/MotorDsl.Rendering.csproj" />
    <Project Path="src/MotorDsl.Tests/MotorDsl.Tests.csproj" />
  </Folder>
</Solution>
